# This file is generated by running "yarn install" inside your project.
# Manual changes might be lost - proceed with caution!

__metadata:
  version: 4

"@equisoft/equisoft-connect-sdk-typescript@workspace:.":
  version: 0.0.0-use.local
  resolution: "@equisoft/equisoft-connect-sdk-typescript@workspace:."
  dependencies:
    typescript: ^3.6
  languageName: unknown
  linkType: soft

typescript@^3.6:
  version: 3.9.6
  resolution: "typescript@npm:3.9.6"
  bin:
    tsc: bin/tsc
    tsserver: bin/tsserver
  checksum: 3/75d8e3610ca435b0feaa3eb714ef3aa9060ec72621da3c62c45ceee1d8d0ddcbd8ff2a816de2d24ab28dcd2249953edb640d34595d59e491656156da4c2903fc
  languageName: node
  linkType: hard

"typescript@patch:typescript@^3.6#builtin<compat/typescript>":
  version: 3.9.6
  resolution: "typescript@patch:typescript@npm%3A3.9.6#builtin<compat/typescript>::version=3.9.6&hash=8cac75"
  bin:
    tsc: bin/tsc
    tsserver: bin/tsserver
  checksum: 3/0ee7ea75ebf94330d146062b27f0a81b146bdc52eba4325ed275cf722c1f295684075d1d55c7171133b2984fa5535b5581fa891bd2279af625539ec8165402f5
  languageName: node
  linkType: hard
